
Microsoft Visual Studio Solution File, Format Version 12.00
# Visual Studio Version 16
VisualStudioVersion = 16.0.30413.136
MinimumVisualStudioVersion = 15.0.26124.0
Project("{9A19103F-16F7-4668-BE54-9A1E7A4F7556}") = "ItaCinema.Web", "ItaCinema.Web\ItaCinema.Web.csproj", "{6B929742-5B3A-4EAC-BE8D-3C844FAFDE55}"
EndProject
Project("{9A19103F-16F7-4668-BE54-9A1E7A4F7556}") = "ItaCinema.Api", "ItaCinema.Api\ItaCinema.Api.csproj", "{28C1526F-F0CB-4523-B1B7-EFCC49B1439F}"
EndProject
Project("{9A19103F-16F7-4668-BE54-9A1E7A4F7556}") = "ItaCinema.Domain", "ItaCinema.Domain\ItaCinema.Domain.csproj", "{41C3116F-4142-44AA-9BD4-7040E0117644}"
EndProject
Project("{9A19103F-16F7-4668-BE54-9A1E7A4F7556}") = "ItaCinema.Core", "ItaCinema.Core\ItaCinema.Core.csproj", "{5E5E5186-CCEC-42E4-A1DD-3CAB42793D03}"
EndProject
Project("{9A19103F-16F7-4668-BE54-9A1E7A4F7556}") = "ItaCinema.Core.Tests", "ItaCinema.Core.Tests\ItaCinema.Core.Tests.csproj", "{6D2BAFC5-47C4-4301-9D36-56145FBDDEDE}"
EndProject
Project("{2150E333-8FDC-42A3-9474-1A3956D46DE8}") = "Solution Items", "Solution Items", "{66CF8DDD-2CBD-4BCC-B5C2-A4198C5EDD74}"
	ProjectSection(SolutionItems) = preProject
		azure-pipelines.yml = azure-pipelines.yml
	EndProjectSection
EndProject
Project("{FAE04EC0-301F-11D3-BF4B-00C04F79EFBC}") = "ItaCinema.Environment", "ItaCinema.Environment\ItaCinema.Environment.csproj", "{BC9B607B-6DA7-43A1-8B77-F66355C05320}"
EndProject
Global
	GlobalSection(SolutionConfigurationPlatforms) = preSolution
		Debug|Any CPU = Debug|Any CPU
		Debug|x64 = Debug|x64
		Debug|x86 = Debug|x86
		Release|Any CPU = Release|Any CPU
		Release|x64 = Release|x64
		Release|x86 = Release|x86
	EndGlobalSection
	GlobalSection(ProjectConfigurationPlatforms) = postSolution
		{6B929742-5B3A-4EAC-BE8D-3C844FAFDE55}.Debug|Any CPU.ActiveCfg = Debug|Any CPU
		{6B929742-5B3A-4EAC-BE8D-3C844FAFDE55}.Debug|Any CPU.Build.0 = Debug|Any CPU
		{6B929742-5B3A-4EAC-BE8D-3C844FAFDE55}.Debug|x64.ActiveCfg = Debug|Any CPU
		{6B929742-5B3A-4EAC-BE8D-3C844FAFDE55}.Debug|x64.Build.0 = Debug|Any CPU
		{6B929742-5B3A-4EAC-BE8D-3C844FAFDE55}.Debug|x86.ActiveCfg = Debug|Any CPU
		{6B929742-5B3A-4EAC-BE8D-3C844FAFDE55}.Debug|x86.Build.0 = Debug|Any CPU
		{6B929742-5B3A-4EAC-BE8D-3C844FAFDE55}.Release|Any CPU.ActiveCfg = Release|Any CPU
		{6B929742-5B3A-4EAC-BE8D-3C844FAFDE55}.Release|Any CPU.Build.0 = Release|Any CPU
		{6B929742-5B3A-4EAC-BE8D-3C844FAFDE55}.Release|x64.ActiveCfg = Release|Any CPU
		{6B929742-5B3A-4EAC-BE8D-3C844FAFDE55}.Release|x64.Build.0 = Release|Any CPU
		{6B929742-5B3A-4EAC-BE8D-3C844FAFDE55}.Release|x86.ActiveCfg = Release|Any CPU
		{6B929742-5B3A-4EAC-BE8D-3C844FAFDE55}.Release|x86.Build.0 = Release|Any CPU
		{28C1526F-F0CB-4523-B1B7-EFCC49B1439F}.Debug|Any CPU.ActiveCfg = Debug|Any CPU
		{28C1526F-F0CB-4523-B1B7-EFCC49B1439F}.Debug|Any CPU.Build.0 = Debug|Any CPU
		{28C1526F-F0CB-4523-B1B7-EFCC49B1439F}.Debug|x64.ActiveCfg = Debug|Any CPU
		{28C1526F-F0CB-4523-B1B7-EFCC49B1439F}.Debug|x64.Build.0 = Debug|Any CPU
		{28C1526F-F0CB-4523-B1B7-EFCC49B1439F}.Debug|x86.ActiveCfg = Debug|Any CPU
		{28C1526F-F0CB-4523-B1B7-EFCC49B1439F}.Debug|x86.Build.0 = Debug|Any CPU
		{28C1526F-F0CB-4523-B1B7-EFCC49B1439F}.Release|Any CPU.ActiveCfg = Release|Any CPU
		{28C1526F-F0CB-4523-B1B7-EFCC49B1439F}.Release|Any CPU.Build.0 = Release|Any CPU
		{28C1526F-F0CB-4523-B1B7-EFCC49B1439F}.Release|x64.ActiveCfg = Release|Any CPU
		{28C1526F-F0CB-4523-B1B7-EFCC49B1439F}.Release|x64.Build.0 = Release|Any CPU
		{28C1526F-F0CB-4523-B1B7-EFCC49B1439F}.Release|x86.ActiveCfg = Release|Any CPU
		{28C1526F-F0CB-4523-B1B7-EFCC49B1439F}.Release|x86.Build.0 = Release|Any CPU
		{41C3116F-4142-44AA-9BD4-7040E0117644}.Debug|Any CPU.ActiveCfg = Debug|Any CPU
		{41C3116F-4142-44AA-9BD4-7040E0117644}.Debug|Any CPU.Build.0 = Debug|Any CPU
		{41C3116F-4142-44AA-9BD4-7040E0117644}.Debug|x64.ActiveCfg = Debug|Any CPU
		{41C3116F-4142-44AA-9BD4-7040E0117644}.Debug|x64.Build.0 = Debug|Any CPU
		{41C3116F-4142-44AA-9BD4-7040E0117644}.Debug|x86.ActiveCfg = Debug|Any CPU
		{41C3116F-4142-44AA-9BD4-7040E0117644}.Debug|x86.Build.0 = Debug|Any CPU
		{41C3116F-4142-44AA-9BD4-7040E0117644}.Release|Any CPU.ActiveCfg = Release|Any CPU
		{41C3116F-4142-44AA-9BD4-7040E0117644}.Release|Any CPU.Build.0 = Release|Any CPU
		{41C3116F-4142-44AA-9BD4-7040E0117644}.Release|x64.ActiveCfg = Release|Any CPU
		{41C3116F-4142-44AA-9BD4-7040E0117644}.Release|x64.Build.0 = Release|Any CPU
		{41C3116F-4142-44AA-9BD4-7040E0117644}.Release|x86.ActiveCfg = Release|Any CPU
		{41C3116F-4142-44AA-9BD4-7040E0117644}.Release|x86.Build.0 = Release|Any CPU
		{5E5E5186-CCEC-42E4-A1DD-3CAB42793D03}.Debug|Any CPU.ActiveCfg = Debug|Any CPU
		{5E5E5186-CCEC-42E4-A1DD-3CAB42793D03}.Debug|Any CPU.Build.0 = Debug|Any CPU
		{5E5E5186-CCEC-42E4-A1DD-3CAB42793D03}.Debug|x64.ActiveCfg = Debug|Any CPU
		{5E5E5186-CCEC-42E4-A1DD-3CAB42793D03}.Debug|x64.Build.0 = Debug|Any CPU
		{5E5E5186-CCEC-42E4-A1DD-3CAB42793D03}.Debug|x86.ActiveCfg = Debug|Any CPU
		{5E5E5186-CCEC-42E4-A1DD-3CAB42793D03}.Debug|x86.Build.0 = Debug|Any CPU
		{5E5E5186-CCEC-42E4-A1DD-3CAB42793D03}.Release|Any CPU.ActiveCfg = Release|Any CPU
		{5E5E5186-CCEC-42E4-A1DD-3CAB42793D03}.Release|Any CPU.Build.0 = Release|Any CPU
		{5E5E5186-CCEC-42E4-A1DD-3CAB42793D03}.Release|x64.ActiveCfg = Release|Any CPU
		{5E5E5186-CCEC-42E4-A1DD-3CAB42793D03}.Release|x64.Build.0 = Release|Any CPU
		{5E5E5186-CCEC-42E4-A1DD-3CAB42793D03}.Release|x86.ActiveCfg = Release|Any CPU
		{5E5E5186-CCEC-42E4-A1DD-3CAB42793D03}.Release|x86.Build.0 = Release|Any CPU
		{6D2BAFC5-47C4-4301-9D36-56145FBDDEDE}.Debug|Any CPU.ActiveCfg = Debug|Any CPU
		{6D2BAFC5-47C4-4301-9D36-56145FBDDEDE}.Debug|Any CPU.Build.0 = Debug|Any CPU
		{6D2BAFC5-47C4-4301-9D36-56145FBDDEDE}.Debug|x64.ActiveCfg = Debug|Any CPU
		{6D2BAFC5-47C4-4301-9D36-56145FBDDEDE}.Debug|x64.Build.0 = Debug|Any CPU
		{6D2BAFC5-47C4-4301-9D36-56145FBDDEDE}.Debug|x86.ActiveCfg = Debug|Any CPU
		{6D2BAFC5-47C4-4301-9D36-56145FBDDEDE}.Debug|x86.Build.0 = Debug|Any CPU
		{6D2BAFC5-47C4-4301-9D36-56145FBDDEDE}.Release|Any CPU.ActiveCfg = Release|Any CPU
		{6D2BAFC5-47C4-4301-9D36-56145FBDDEDE}.Release|Any CPU.Build.0 = Release|Any CPU
		{6D2BAFC5-47C4-4301-9D36-56145FBDDEDE}.Release|x64.ActiveCfg = Release|Any CPU
		{6D2BAFC5-47C4-4301-9D36-56145FBDDEDE}.Release|x64.Build.0 = Release|Any CPU
		{6D2BAFC5-47C4-4301-9D36-56145FBDDEDE}.Release|x86.ActiveCfg = Release|Any CPU
		{6D2BAFC5-47C4-4301-9D36-56145FBDDEDE}.Release|x86.Build.0 = Release|Any CPU
		{BC9B607B-6DA7-43A1-8B77-F66355C05320}.Debug|Any CPU.ActiveCfg = Debug|Any CPU
		{BC9B607B-6DA7-43A1-8B77-F66355C05320}.Debug|Any CPU.Build.0 = Debug|Any CPU
		{BC9B607B-6DA7-43A1-8B77-F66355C05320}.Debug|x64.ActiveCfg = Debug|Any CPU
		{BC9B607B-6DA7-43A1-8B77-F66355C05320}.Debug|x64.Build.0 = Debug|Any CPU
		{BC9B607B-6DA7-43A1-8B77-F66355C05320}.Debug|x86.ActiveCfg = Debug|Any CPU
		{BC9B607B-6DA7-43A1-8B77-F66355C05320}.Debug|x86.Build.0 = Debug|Any CPU
		{BC9B607B-6DA7-43A1-8B77-F66355C05320}.Release|Any CPU.ActiveCfg = Release|Any CPU
		{BC9B607B-6DA7-43A1-8B77-F66355C05320}.Release|Any CPU.Build.0 = Release|Any CPU
		{BC9B607B-6DA7-43A1-8B77-F66355C05320}.Release|x64.ActiveCfg = Release|Any CPU
		{BC9B607B-6DA7-43A1-8B77-F66355C05320}.Release|x64.Build.0 = Release|Any CPU
		{BC9B607B-6DA7-43A1-8B77-F66355C05320}.Release|x86.ActiveCfg = Release|Any CPU
		{BC9B607B-6DA7-43A1-8B77-F66355C05320}.Release|x86.Build.0 = Release|Any CPU
	EndGlobalSection
	GlobalSection(SolutionProperties) = preSolution
		HideSolutionNode = FALSE
	EndGlobalSection
	GlobalSection(ExtensibilityGlobals) = postSolution
		SolutionGuid = {0BC1CCC6-48BB-437C-A3BE-4B6B6593C0F7}
	EndGlobalSection
EndGlobal
